
Microsoft Visual Studio Solution File, Format Version 12.00
# Visual Studio Version 16
VisualStudioVersion = 16.0.31911.196
MinimumVisualStudioVersion = 10.0.40219.1
Project("{FAE04EC0-301F-11D3-BF4B-00C04F79EFBC}") = "Project_EventRegistration.Server", "Project_EventRegistration\Server\Project_EventRegistration.Server.csproj", "{C3F32AD7-64E8-4A50-A829-8978B520FC39}"
EndProject
Project("{FAE04EC0-301F-11D3-BF4B-00C04F79EFBC}") = "Project_EventRegistration.Client", "Project_EventRegistration\Client\Project_EventRegistration.Client.csproj", "{96B739BE-9B1B-48BD-8934-02535FD539D9}"
EndProject
Project("{FAE04EC0-301F-11D3-BF4B-00C04F79EFBC}") = "Project_EventRegistration.Shared", "Project_EventRegistration\Shared\Project_EventRegistration.Shared.csproj", "{E112CF6A-0FF4-4461-8C9A-34EFDBA7EFAF}"
EndProject
Global
	GlobalSection(SolutionConfigurationPlatforms) = preSolution
		Debug|Any CPU = Debug|Any CPU
		Release|Any CPU = Release|Any CPU
	EndGlobalSection
	GlobalSection(ProjectConfigurationPlatforms) = postSolution
		{C3F32AD7-64E8-4A50-A829-8978B520FC39}.Debug|Any CPU.ActiveCfg = Debug|Any CPU
		{C3F32AD7-64E8-4A50-A829-8978B520FC39}.Debug|Any CPU.Build.0 = Debug|Any CPU
		{C3F32AD7-64E8-4A50-A829-8978B520FC39}.Release|Any CPU.ActiveCfg = Release|Any CPU
		{C3F32AD7-64E8-4A50-A829-8978B520FC39}.Release|Any CPU.Build.0 = Release|Any CPU
		{96B739BE-9B1B-48BD-8934-02535FD539D9}.Debug|Any CPU.ActiveCfg = Debug|Any CPU
		{96B739BE-9B1B-48BD-8934-02535FD539D9}.Debug|Any CPU.Build.0 = Debug|Any CPU
		{96B739BE-9B1B-48BD-8934-02535FD539D9}.Release|Any CPU.ActiveCfg = Release|Any CPU
		{96B739BE-9B1B-48BD-8934-02535FD539D9}.Release|Any CPU.Build.0 = Release|Any CPU
		{E112CF6A-0FF4-4461-8C9A-34EFDBA7EFAF}.Debug|Any CPU.ActiveCfg = Debug|Any CPU
		{E112CF6A-0FF4-4461-8C9A-34EFDBA7EFAF}.Debug|Any CPU.Build.0 = Debug|Any CPU
		{E112CF6A-0FF4-4461-8C9A-34EFDBA7EFAF}.Release|Any CPU.ActiveCfg = Release|Any CPU
		{E112CF6A-0FF4-4461-8C9A-34EFDBA7EFAF}.Release|Any CPU.Build.0 = Release|Any CPU
	EndGlobalSection
	GlobalSection(SolutionProperties) = preSolution
		HideSolutionNode = FALSE
	EndGlobalSection
	GlobalSection(ExtensibilityGlobals) = postSolution
		SolutionGuid = {4EDA3650-FA03-43B9-880B-52C31BC316F2}
	EndGlobalSection
EndGlobal
